
Microsoft Visual Studio Solution File, Format Version 12.00
# Visual Studio Version 17
VisualStudioVersion = 17.4.33122.133
MinimumVisualStudioVersion = 10.0.40219.1
Project("{9A19103F-16F7-4668-BE54-9A1E7A4F7556}") = "Conditions", "Conditions\Conditions.csproj", "{D180FD2B-8E65-4A79-A9CF-DE3C506AFFAF}"
EndProject
Project("{2150E333-8FDC-42A3-9474-1A3956D46DE8}") = "Solution Items", "Solution Items", "{D4A2F63F-89F5-426F-8A3D-F8D0A0D2FB79}"
	ProjectSection(SolutionItems) = preProject
		.gitattributes = .gitattributes
		.gitignore = .gitignore
		README.md = README.md
	EndProjectSection
EndProject
Project("{FAE04EC0-301F-11D3-BF4B-00C04F79EFBC}") = "Exercise1", "Exercise1\Exercise1.csproj", "{9EFADDCB-979C-4F1D-95B5-C57A2CD16EAC}"
EndProject
Global
	GlobalSection(SolutionConfigurationPlatforms) = preSolution
		Debug|Any CPU = Debug|Any CPU
		Release|Any CPU = Release|Any CPU
	EndGlobalSection
	GlobalSection(ProjectConfigurationPlatforms) = postSolution
		{D180FD2B-8E65-4A79-A9CF-DE3C506AFFAF}.Debug|Any CPU.ActiveCfg = Debug|Any CPU
		{D180FD2B-8E65-4A79-A9CF-DE3C506AFFAF}.Debug|Any CPU.Build.0 = Debug|Any CPU
		{D180FD2B-8E65-4A79-A9CF-DE3C506AFFAF}.Release|Any CPU.ActiveCfg = Release|Any CPU
		{D180FD2B-8E65-4A79-A9CF-DE3C506AFFAF}.Release|Any CPU.Build.0 = Release|Any CPU
		{9EFADDCB-979C-4F1D-95B5-C57A2CD16EAC}.Debug|Any CPU.ActiveCfg = Debug|Any CPU
		{9EFADDCB-979C-4F1D-95B5-C57A2CD16EAC}.Debug|Any CPU.Build.0 = Debug|Any CPU
		{9EFADDCB-979C-4F1D-95B5-C57A2CD16EAC}.Release|Any CPU.ActiveCfg = Release|Any CPU
		{9EFADDCB-979C-4F1D-95B5-C57A2CD16EAC}.Release|Any CPU.Build.0 = Release|Any CPU
	EndGlobalSection
	GlobalSection(SolutionProperties) = preSolution
		HideSolutionNode = FALSE
	EndGlobalSection
	GlobalSection(ExtensibilityGlobals) = postSolution
		SolutionGuid = {0174EAFE-5D3C-43A5-BE85-A6F22C5A8AD1}
	EndGlobalSection
EndGlobal
