
Microsoft Visual Studio Solution File, Format Version 12.00
# Visual Studio Version 17
VisualStudioVersion = 17.4.33213.308
MinimumVisualStudioVersion = 10.0.40219.1
Project("{FAE04EC0-301F-11D3-BF4B-00C04F79EFBC}") = "Exercise 4", "Exercise 4.csproj", "{722228B7-E1B4-42D2-924C-16359A02729F}"
EndProject
Global
	GlobalSection(SolutionConfigurationPlatforms) = preSolution
		Debug|Any CPU = Debug|Any CPU
		Release|Any CPU = Release|Any CPU
	EndGlobalSection
	GlobalSection(ProjectConfigurationPlatforms) = postSolution
		{722228B7-E1B4-42D2-924C-16359A02729F}.Debug|Any CPU.ActiveCfg = Debug|Any CPU
		{722228B7-E1B4-42D2-924C-16359A02729F}.Debug|Any CPU.Build.0 = Debug|Any CPU
		{722228B7-E1B4-42D2-924C-16359A02729F}.Release|Any CPU.ActiveCfg = Release|Any CPU
		{722228B7-E1B4-42D2-924C-16359A02729F}.Release|Any CPU.Build.0 = Release|Any CPU
	EndGlobalSection
	GlobalSection(SolutionProperties) = preSolution
		HideSolutionNode = FALSE
	EndGlobalSection
	GlobalSection(ExtensibilityGlobals) = postSolution
		SolutionGuid = {3A9722D3-DE42-4530-9596-F0D050AE0820}
	EndGlobalSection
EndGlobal
